
Microsoft Visual Studio Solution File, Format Version 12.00
# Visual Studio Version 17
VisualStudioVersion = 17.11.35312.102
MinimumVisualStudioVersion = 10.0.40219.1
Project("{FAE04EC0-301F-11D3-BF4B-00C04F79EFBC}") = "KalenderAppBackend", "KalenderAppBackend\KalenderAppBackend.csproj", "{4B875C77-2F86-4551-873E-C816792DED86}"
EndProject
Global
	GlobalSection(SolutionConfigurationPlatforms) = preSolution
		Debug|Any CPU = Debug|Any CPU
		Release|Any CPU = Release|Any CPU
	EndGlobalSection
	GlobalSection(ProjectConfigurationPlatforms) = postSolution
		{4B875C77-2F86-4551-873E-C816792DED86}.Debug|Any CPU.ActiveCfg = Debug|Any CPU
		{4B875C77-2F86-4551-873E-C816792DED86}.Debug|Any CPU.Build.0 = Debug|Any CPU
		{4B875C77-2F86-4551-873E-C816792DED86}.Release|Any CPU.ActiveCfg = Release|Any CPU
		{4B875C77-2F86-4551-873E-C816792DED86}.Release|Any CPU.Build.0 = Release|Any CPU
	EndGlobalSection
	GlobalSection(SolutionProperties) = preSolution
		HideSolutionNode = FALSE
	EndGlobalSection
	GlobalSection(ExtensibilityGlobals) = postSolution
		SolutionGuid = {589A9572-14D3-4A5F-9834-C9409CA4097C}
	EndGlobalSection
EndGlobal
